
Microsoft Visual Studio Solution File, Format Version 12.00
# Visual Studio Version 17
VisualStudioVersion = 17.5.002.0
MinimumVisualStudioVersion = 10.0.40219.1
Project("{55581749-F29C-483A-9B8D-A9DA7BF98E84}") = "XWorm", "XWorm.csproj", "{BF3C3D20-229D-428A-B643-3C2CA77B3AC3}"
EndProject
Global
	GlobalSection(SolutionConfigurationPlatforms) = preSolution
		Debug|Any CPU = Debug|Any CPU
		Release|Any CPU = Release|Any CPU
	EndGlobalSection
	GlobalSection(ProjectConfigurationPlatforms) = postSolution
		{BF3C3D20-229D-428A-B643-3C2CA77B3AC3}.Debug|Any CPU.ActiveCfg = Debug|Any CPU
		{BF3C3D20-229D-428A-B643-3C2CA77B3AC3}.Debug|Any CPU.Build.0 = Debug|Any CPU
		{BF3C3D20-229D-428A-B643-3C2CA77B3AC3}.Release|Any CPU.ActiveCfg = Release|Any CPU
		{BF3C3D20-229D-428A-B643-3C2CA77B3AC3}.Release|Any CPU.Build.0 = Release|Any CPU
	EndGlobalSection
	GlobalSection(SolutionProperties) = preSolution
		HideSolutionNode = FALSE
	EndGlobalSection
	GlobalSection(ExtensibilityGlobals) = postSolution
		SolutionGuid = {3C60D98F-63FA-4768-9B80-C383136C7E3D}
	EndGlobalSection
EndGlobal
